Microsoft Visual Studio Solution File, Format Version 8.00
Project("{8BC9CEB8-8B4A-11D0-8D11-00A0C91BC942}") = "Landscape1", "Landscape1.vcproj", "{639753B0-2B22-4555-B7BA-9187012592DE}"
	ProjectSection(ProjectDependencies) = postProject
	EndProjectSection
EndProject
Global
	GlobalSection(SolutionConfiguration) = preSolution
		Debug = Debug
		Release = Release
	EndGlobalSection
	GlobalSection(ProjectConfiguration) = postSolution
		{639753B0-2B22-4555-B7BA-9187012592DE}.Debug.ActiveCfg = Debug|Win32
		{639753B0-2B22-4555-B7BA-9187012592DE}.Debug.Build.0 = Debug|Win32
		{639753B0-2B22-4555-B7BA-9187012592DE}.Release.ActiveCfg = Release|Win32
		{639753B0-2B22-4555-B7BA-9187012592DE}.Release.Build.0 = Release|Win32
	EndGlobalSection
	GlobalSection(ExtensibilityGlobals) = postSolution
	EndGlobalSection
	GlobalSection(ExtensibilityAddIns) = postSolution
	EndGlobalSection
EndGlobal
